
Microsoft Visual Studio Solution File, Format Version 12.00
# Visual Studio Version 17
VisualStudioVersion = 17.4.33122.133
MinimumVisualStudioVersion = 10.0.40219.1
Project("{9A19103F-16F7-4668-BE54-9A1E7A4F7556}") = "Anot", "Anot.csproj", "{3FA2A901-3DBD-4D1E-8509-0F8F95C97707}"
EndProject
Project("{FAE04EC0-301F-11D3-BF4B-00C04F79EFBC}") = "AlunoEX", "..\AlunoEX\AlunoEX.csproj", "{149AF45D-6345-4194-BAA7-A4DEF9DD6762}"
EndProject
Project("{FAE04EC0-301F-11D3-BF4B-00C04F79EFBC}") = "ContaEx", "..\ContaEx\ContaEx.csproj", "{4D7E5E18-025F-4570-96AA-116DCB88E9B4}"
EndProject
Project("{FAE04EC0-301F-11D3-BF4B-00C04F79EFBC}") = "ConversorDeMoedasEx", "..\ConversorDeMoedasEx\ConversorDeMoedasEx.csproj", "{3FF3C754-1130-4A29-8DB6-C3B17C85AE10}"
EndProject
Project("{FAE04EC0-301F-11D3-BF4B-00C04F79EFBC}") = "FuncionarioEx", "..\FuncionarioEx\FuncionarioEx.csproj", "{A27ADD0A-EEA5-480F-8FBA-0F7D127AF298}"
EndProject
Project("{FAE04EC0-301F-11D3-BF4B-00C04F79EFBC}") = "PessoaEx", "..\PessoaEx\PessoaEx.csproj", "{E2D97C4C-2679-45F5-8B60-AF04E3E04026}"
EndProject
Project("{FAE04EC0-301F-11D3-BF4B-00C04F79EFBC}") = "ProdutoEx", "..\ProdutoEx\ProdutoEx.csproj", "{F80C6F12-709C-482C-8FBA-5FCD5E29BEAD}"
EndProject
Project("{FAE04EC0-301F-11D3-BF4B-00C04F79EFBC}") = "RaioEx", "..\RaioEx\RaioEx.csproj", "{59C1BB4B-F431-496D-9E05-D58F683D5E7F}"
EndProject
Project("{FAE04EC0-301F-11D3-BF4B-00C04F79EFBC}") = "RentaguloEx", "..\RentaguloEx\RentaguloEx.csproj", "{E3881B55-BEEA-4EE8-8F4F-39CDC2A8EB4A}"
EndProject
Project("{FAE04EC0-301F-11D3-BF4B-00C04F79EFBC}") = "TrianguloEx", "..\TrianguloEx\TrianguloEx.csproj", "{B06B5212-F637-4510-AE95-1DE3E9B6EE47}"
EndProject
Project("{FAE04EC0-301F-11D3-BF4B-00C04F79EFBC}") = "SomaEx", "..\SomaEx\SomaEx.csproj", "{1DC24B92-D947-4D35-A552-BF5599247E19}"
EndProject
Project("{FAE04EC0-301F-11D3-BF4B-00C04F79EFBC}") = "MaiorNumeroEx", "..\MaiorNumeroEx\MaiorNumeroEx.csproj", "{06F1F3E7-651A-41F1-A0BB-AF5169B9BBDA}"
EndProject
Project("{FAE04EC0-301F-11D3-BF4B-00C04F79EFBC}") = "ImparParEx", "..\ImparParEx\ImparParEx.csproj", "{453B4464-A130-488D-B4A6-6C0F2F3A47A8}"
EndProject
Project("{FAE04EC0-301F-11D3-BF4B-00C04F79EFBC}") = "WhileEx", "..\WhileEx\WhileEx.csproj", "{A7B5C504-E6E6-421C-9D8B-71B09F32AF5D}"
EndProject
Project("{FAE04EC0-301F-11D3-BF4B-00C04F79EFBC}") = "ForEx", "..\ForEx\ForEx.csproj", "{BD8FADEC-1DAF-4E32-BB48-A6ADFEAC353E}"
EndProject
Global
	GlobalSection(SolutionConfigurationPlatforms) = preSolution
		Debug|Any CPU = Debug|Any CPU
		Release|Any CPU = Release|Any CPU
	EndGlobalSection
	GlobalSection(ProjectConfigurationPlatforms) = postSolution
		{3FA2A901-3DBD-4D1E-8509-0F8F95C97707}.Debug|Any CPU.ActiveCfg = Debug|Any CPU
		{3FA2A901-3DBD-4D1E-8509-0F8F95C97707}.Debug|Any CPU.Build.0 = Debug|Any CPU
		{3FA2A901-3DBD-4D1E-8509-0F8F95C97707}.Release|Any CPU.ActiveCfg = Release|Any CPU
		{3FA2A901-3DBD-4D1E-8509-0F8F95C97707}.Release|Any CPU.Build.0 = Release|Any CPU
		{149AF45D-6345-4194-BAA7-A4DEF9DD6762}.Debug|Any CPU.ActiveCfg = Debug|Any CPU
		{149AF45D-6345-4194-BAA7-A4DEF9DD6762}.Debug|Any CPU.Build.0 = Debug|Any CPU
		{149AF45D-6345-4194-BAA7-A4DEF9DD6762}.Release|Any CPU.ActiveCfg = Release|Any CPU
		{149AF45D-6345-4194-BAA7-A4DEF9DD6762}.Release|Any CPU.Build.0 = Release|Any CPU
		{4D7E5E18-025F-4570-96AA-116DCB88E9B4}.Debug|Any CPU.ActiveCfg = Debug|Any CPU
		{4D7E5E18-025F-4570-96AA-116DCB88E9B4}.Debug|Any CPU.Build.0 = Debug|Any CPU
		{4D7E5E18-025F-4570-96AA-116DCB88E9B4}.Release|Any CPU.ActiveCfg = Release|Any CPU
		{4D7E5E18-025F-4570-96AA-116DCB88E9B4}.Release|Any CPU.Build.0 = Release|Any CPU
		{3FF3C754-1130-4A29-8DB6-C3B17C85AE10}.Debug|Any CPU.ActiveCfg = Debug|Any CPU
		{3FF3C754-1130-4A29-8DB6-C3B17C85AE10}.Debug|Any CPU.Build.0 = Debug|Any CPU
		{3FF3C754-1130-4A29-8DB6-C3B17C85AE10}.Release|Any CPU.ActiveCfg = Release|Any CPU
		{3FF3C754-1130-4A29-8DB6-C3B17C85AE10}.Release|Any CPU.Build.0 = Release|Any CPU
		{A27ADD0A-EEA5-480F-8FBA-0F7D127AF298}.Debug|Any CPU.ActiveCfg = Debug|Any CPU
		{A27ADD0A-EEA5-480F-8FBA-0F7D127AF298}.Debug|Any CPU.Build.0 = Debug|Any CPU
		{A27ADD0A-EEA5-480F-8FBA-0F7D127AF298}.Release|Any CPU.ActiveCfg = Release|Any CPU
		{A27ADD0A-EEA5-480F-8FBA-0F7D127AF298}.Release|Any CPU.Build.0 = Release|Any CPU
		{E2D97C4C-2679-45F5-8B60-AF04E3E04026}.Debug|Any CPU.ActiveCfg = Debug|Any CPU
		{E2D97C4C-2679-45F5-8B60-AF04E3E04026}.Debug|Any CPU.Build.0 = Debug|Any CPU
		{E2D97C4C-2679-45F5-8B60-AF04E3E04026}.Release|Any CPU.ActiveCfg = Release|Any CPU
		{E2D97C4C-2679-45F5-8B60-AF04E3E04026}.Release|Any CPU.Build.0 = Release|Any CPU
		{F80C6F12-709C-482C-8FBA-5FCD5E29BEAD}.Debug|Any CPU.ActiveCfg = Debug|Any CPU
		{F80C6F12-709C-482C-8FBA-5FCD5E29BEAD}.Debug|Any CPU.Build.0 = Debug|Any CPU
		{F80C6F12-709C-482C-8FBA-5FCD5E29BEAD}.Release|Any CPU.ActiveCfg = Release|Any CPU
		{F80C6F12-709C-482C-8FBA-5FCD5E29BEAD}.Release|Any CPU.Build.0 = Release|Any CPU
		{59C1BB4B-F431-496D-9E05-D58F683D5E7F}.Debug|Any CPU.ActiveCfg = Debug|Any CPU
		{59C1BB4B-F431-496D-9E05-D58F683D5E7F}.Debug|Any CPU.Build.0 = Debug|Any CPU
		{59C1BB4B-F431-496D-9E05-D58F683D5E7F}.Release|Any CPU.ActiveCfg = Release|Any CPU
		{59C1BB4B-F431-496D-9E05-D58F683D5E7F}.Release|Any CPU.Build.0 = Release|Any CPU
		{E3881B55-BEEA-4EE8-8F4F-39CDC2A8EB4A}.Debug|Any CPU.ActiveCfg = Debug|Any CPU
		{E3881B55-BEEA-4EE8-8F4F-39CDC2A8EB4A}.Debug|Any CPU.Build.0 = Debug|Any CPU
		{E3881B55-BEEA-4EE8-8F4F-39CDC2A8EB4A}.Release|Any CPU.ActiveCfg = Release|Any CPU
		{E3881B55-BEEA-4EE8-8F4F-39CDC2A8EB4A}.Release|Any CPU.Build.0 = Release|Any CPU
		{B06B5212-F637-4510-AE95-1DE3E9B6EE47}.Debug|Any CPU.ActiveCfg = Debug|Any CPU
		{B06B5212-F637-4510-AE95-1DE3E9B6EE47}.Debug|Any CPU.Build.0 = Debug|Any CPU
		{B06B5212-F637-4510-AE95-1DE3E9B6EE47}.Release|Any CPU.ActiveCfg = Release|Any CPU
		{B06B5212-F637-4510-AE95-1DE3E9B6EE47}.Release|Any CPU.Build.0 = Release|Any CPU
		{1DC24B92-D947-4D35-A552-BF5599247E19}.Debug|Any CPU.ActiveCfg = Debug|Any CPU
		{1DC24B92-D947-4D35-A552-BF5599247E19}.Debug|Any CPU.Build.0 = Debug|Any CPU
		{1DC24B92-D947-4D35-A552-BF5599247E19}.Release|Any CPU.ActiveCfg = Release|Any CPU
		{1DC24B92-D947-4D35-A552-BF5599247E19}.Release|Any CPU.Build.0 = Release|Any CPU
		{06F1F3E7-651A-41F1-A0BB-AF5169B9BBDA}.Debug|Any CPU.ActiveCfg = Debug|Any CPU
		{06F1F3E7-651A-41F1-A0BB-AF5169B9BBDA}.Debug|Any CPU.Build.0 = Debug|Any CPU
		{06F1F3E7-651A-41F1-A0BB-AF5169B9BBDA}.Release|Any CPU.ActiveCfg = Release|Any CPU
		{06F1F3E7-651A-41F1-A0BB-AF5169B9BBDA}.Release|Any CPU.Build.0 = Release|Any CPU
		{453B4464-A130-488D-B4A6-6C0F2F3A47A8}.Debug|Any CPU.ActiveCfg = Debug|Any CPU
		{453B4464-A130-488D-B4A6-6C0F2F3A47A8}.Debug|Any CPU.Build.0 = Debug|Any CPU
		{453B4464-A130-488D-B4A6-6C0F2F3A47A8}.Release|Any CPU.ActiveCfg = Release|Any CPU
		{453B4464-A130-488D-B4A6-6C0F2F3A47A8}.Release|Any CPU.Build.0 = Release|Any CPU
		{A7B5C504-E6E6-421C-9D8B-71B09F32AF5D}.Debug|Any CPU.ActiveCfg = Debug|Any CPU
		{A7B5C504-E6E6-421C-9D8B-71B09F32AF5D}.Debug|Any CPU.Build.0 = Debug|Any CPU
		{A7B5C504-E6E6-421C-9D8B-71B09F32AF5D}.Release|Any CPU.ActiveCfg = Release|Any CPU
		{A7B5C504-E6E6-421C-9D8B-71B09F32AF5D}.Release|Any CPU.Build.0 = Release|Any CPU
		{BD8FADEC-1DAF-4E32-BB48-A6ADFEAC353E}.Debug|Any CPU.ActiveCfg = Debug|Any CPU
		{BD8FADEC-1DAF-4E32-BB48-A6ADFEAC353E}.Debug|Any CPU.Build.0 = Debug|Any CPU
		{BD8FADEC-1DAF-4E32-BB48-A6ADFEAC353E}.Release|Any CPU.ActiveCfg = Release|Any CPU
		{BD8FADEC-1DAF-4E32-BB48-A6ADFEAC353E}.Release|Any CPU.Build.0 = Release|Any CPU
	EndGlobalSection
	GlobalSection(SolutionProperties) = preSolution
		HideSolutionNode = FALSE
	EndGlobalSection
	GlobalSection(ExtensibilityGlobals) = postSolution
		SolutionGuid = {E69F2A15-888C-40A7-B4F3-99D92E3AEBE9}
	EndGlobalSection
EndGlobal
